
Microsoft Visual Studio Solution File, Format Version 12.00
# Visual Studio 15
VisualStudioVersion = 15.0.26430.6
MinimumVisualStudioVersion = 10.0.40219.1
Project("{FAE04EC0-301F-11D3-BF4B-00C04F79EFBC}") = "Hello World", "Hello World\Hello World.csproj", "{C83438C9-141D-4843-99CC-FE7239480DA8}"
EndProject
Project("{FAE04EC0-301F-11D3-BF4B-00C04F79EFBC}") = "Hello2", "Hello2\Hello2.csproj", "{B84A0C56-4512-4742-B1A2-3F1FCDA26CA0}"
EndProject
Project("{FAE04EC0-301F-11D3-BF4B-00C04F79EFBC}") = "TreiNPlus1", "TreiNPlus1\TreiNPlus1.csproj", "{12B99B23-0266-4186-91D4-E50EA2126B39}"
EndProject
Project("{FAE04EC0-301F-11D3-BF4B-00C04F79EFBC}") = "SMP", "SMP\SMP.csproj", "{38CB9CDC-8797-46D3-ABD5-0071E6CA61CC}"
EndProject
Project("{FAE04EC0-301F-11D3-BF4B-00C04F79EFBC}") = "Numere", "Numere\Numere.csproj", "{BEDF2F03-41F5-4A30-A346-84DB7B026E90}"
EndProject
Project("{FAE04EC0-301F-11D3-BF4B-00C04F79EFBC}") = "Divizibilitate", "Divizibilitate\Divizibilitate.csproj", "{03723179-D04C-48D8-8F08-7452EA867D55}"
EndProject
Project("{FAE04EC0-301F-11D3-BF4B-00C04F79EFBC}") = "Liste", "Liste\Liste.csproj", "{184877AA-0338-45C4-8722-38B42C4378F5}"
EndProject
Project("{FAE04EC0-301F-11D3-BF4B-00C04F79EFBC}") = "Vectori", "Vectori\Vectori.csproj", "{B879B73F-5427-4234-8D43-F75A18954D29}"
EndProject
Project("{FAE04EC0-301F-11D3-BF4B-00C04F79EFBC}") = "CuponColector", "CuponColector\CuponColector.csproj", "{B7365842-6057-4C25-8308-48FE42965F10}"
EndProject
Project("{FAE04EC0-301F-11D3-BF4B-00C04F79EFBC}") = "Shuffle", "Shuffle\Shuffle.csproj", "{2907E43D-753C-4DC6-AA47-9924F5E8158C}"
EndProject
Project("{FAE04EC0-301F-11D3-BF4B-00C04F79EFBC}") = "Sorting", "Sorting\Sorting.csproj", "{C8CC653B-0F4A-4D1B-9694-24363BDD47E6}"
EndProject
Project("{FAE04EC0-301F-11D3-BF4B-00C04F79EFBC}") = "BinPacking", "BinPacking\BinPacking.csproj", "{3976947C-24B7-421E-994D-213406928E3F}"
EndProject
Project("{FAE04EC0-301F-11D3-BF4B-00C04F79EFBC}") = "Matrici", "Matrici\Matrici.csproj", "{E629AA29-7342-44F2-9D99-4E80B5A7430E}"
EndProject
Project("{FAE04EC0-301F-11D3-BF4B-00C04F79EFBC}") = "Recursivitate", "Recursivitate\Recursivitate.csproj", "{39A30D39-F4A8-4FEA-AF61-D2EB36FF36C2}"
EndProject
Project("{FAE04EC0-301F-11D3-BF4B-00C04F79EFBC}") = "Secvente", "Secvente\Secvente.csproj", "{E1CCFA2B-CD3F-459D-8EB4-568A0938C2A0}"
EndProject
Global
	GlobalSection(SolutionConfigurationPlatforms) = preSolution
		Debug|Any CPU = Debug|Any CPU
		Release|Any CPU = Release|Any CPU
	EndGlobalSection
	GlobalSection(ProjectConfigurationPlatforms) = postSolution
		{C83438C9-141D-4843-99CC-FE7239480DA8}.Debug|Any CPU.ActiveCfg = Debug|Any CPU
		{C83438C9-141D-4843-99CC-FE7239480DA8}.Debug|Any CPU.Build.0 = Debug|Any CPU
		{C83438C9-141D-4843-99CC-FE7239480DA8}.Release|Any CPU.ActiveCfg = Release|Any CPU
		{C83438C9-141D-4843-99CC-FE7239480DA8}.Release|Any CPU.Build.0 = Release|Any CPU
		{B84A0C56-4512-4742-B1A2-3F1FCDA26CA0}.Debug|Any CPU.ActiveCfg = Debug|Any CPU
		{B84A0C56-4512-4742-B1A2-3F1FCDA26CA0}.Debug|Any CPU.Build.0 = Debug|Any CPU
		{B84A0C56-4512-4742-B1A2-3F1FCDA26CA0}.Release|Any CPU.ActiveCfg = Release|Any CPU
		{B84A0C56-4512-4742-B1A2-3F1FCDA26CA0}.Release|Any CPU.Build.0 = Release|Any CPU
		{12B99B23-0266-4186-91D4-E50EA2126B39}.Debug|Any CPU.ActiveCfg = Debug|Any CPU
		{12B99B23-0266-4186-91D4-E50EA2126B39}.Debug|Any CPU.Build.0 = Debug|Any CPU
		{12B99B23-0266-4186-91D4-E50EA2126B39}.Release|Any CPU.ActiveCfg = Release|Any CPU
		{12B99B23-0266-4186-91D4-E50EA2126B39}.Release|Any CPU.Build.0 = Release|Any CPU
		{38CB9CDC-8797-46D3-ABD5-0071E6CA61CC}.Debug|Any CPU.ActiveCfg = Debug|Any CPU
		{38CB9CDC-8797-46D3-ABD5-0071E6CA61CC}.Debug|Any CPU.Build.0 = Debug|Any CPU
		{38CB9CDC-8797-46D3-ABD5-0071E6CA61CC}.Release|Any CPU.ActiveCfg = Release|Any CPU
		{38CB9CDC-8797-46D3-ABD5-0071E6CA61CC}.Release|Any CPU.Build.0 = Release|Any CPU
		{BEDF2F03-41F5-4A30-A346-84DB7B026E90}.Debug|Any CPU.ActiveCfg = Debug|Any CPU
		{BEDF2F03-41F5-4A30-A346-84DB7B026E90}.Debug|Any CPU.Build.0 = Debug|Any CPU
		{BEDF2F03-41F5-4A30-A346-84DB7B026E90}.Release|Any CPU.ActiveCfg = Release|Any CPU
		{BEDF2F03-41F5-4A30-A346-84DB7B026E90}.Release|Any CPU.Build.0 = Release|Any CPU
		{03723179-D04C-48D8-8F08-7452EA867D55}.Debug|Any CPU.ActiveCfg = Debug|Any CPU
		{03723179-D04C-48D8-8F08-7452EA867D55}.Debug|Any CPU.Build.0 = Debug|Any CPU
		{03723179-D04C-48D8-8F08-7452EA867D55}.Release|Any CPU.ActiveCfg = Release|Any CPU
		{03723179-D04C-48D8-8F08-7452EA867D55}.Release|Any CPU.Build.0 = Release|Any CPU
		{184877AA-0338-45C4-8722-38B42C4378F5}.Debug|Any CPU.ActiveCfg = Debug|Any CPU
		{184877AA-0338-45C4-8722-38B42C4378F5}.Debug|Any CPU.Build.0 = Debug|Any CPU
		{184877AA-0338-45C4-8722-38B42C4378F5}.Release|Any CPU.ActiveCfg = Release|Any CPU
		{184877AA-0338-45C4-8722-38B42C4378F5}.Release|Any CPU.Build.0 = Release|Any CPU
		{B879B73F-5427-4234-8D43-F75A18954D29}.Debug|Any CPU.ActiveCfg = Debug|Any CPU
		{B879B73F-5427-4234-8D43-F75A18954D29}.Debug|Any CPU.Build.0 = Debug|Any CPU
		{B879B73F-5427-4234-8D43-F75A18954D29}.Release|Any CPU.ActiveCfg = Release|Any CPU
		{B879B73F-5427-4234-8D43-F75A18954D29}.Release|Any CPU.Build.0 = Release|Any CPU
		{B7365842-6057-4C25-8308-48FE42965F10}.Debug|Any CPU.ActiveCfg = Debug|Any CPU
		{B7365842-6057-4C25-8308-48FE42965F10}.Debug|Any CPU.Build.0 = Debug|Any CPU
		{B7365842-6057-4C25-8308-48FE42965F10}.Release|Any CPU.ActiveCfg = Release|Any CPU
		{B7365842-6057-4C25-8308-48FE42965F10}.Release|Any CPU.Build.0 = Release|Any CPU
		{2907E43D-753C-4DC6-AA47-9924F5E8158C}.Debug|Any CPU.ActiveCfg = Debug|Any CPU
		{2907E43D-753C-4DC6-AA47-9924F5E8158C}.Debug|Any CPU.Build.0 = Debug|Any CPU
		{2907E43D-753C-4DC6-AA47-9924F5E8158C}.Release|Any CPU.ActiveCfg = Release|Any CPU
		{2907E43D-753C-4DC6-AA47-9924F5E8158C}.Release|Any CPU.Build.0 = Release|Any CPU
		{C8CC653B-0F4A-4D1B-9694-24363BDD47E6}.Debug|Any CPU.ActiveCfg = Debug|Any CPU
		{C8CC653B-0F4A-4D1B-9694-24363BDD47E6}.Debug|Any CPU.Build.0 = Debug|Any CPU
		{C8CC653B-0F4A-4D1B-9694-24363BDD47E6}.Release|Any CPU.ActiveCfg = Release|Any CPU
		{C8CC653B-0F4A-4D1B-9694-24363BDD47E6}.Release|Any CPU.Build.0 = Release|Any CPU
		{3976947C-24B7-421E-994D-213406928E3F}.Debug|Any CPU.ActiveCfg = Debug|Any CPU
		{3976947C-24B7-421E-994D-213406928E3F}.Debug|Any CPU.Build.0 = Debug|Any CPU
		{3976947C-24B7-421E-994D-213406928E3F}.Release|Any CPU.ActiveCfg = Release|Any CPU
		{3976947C-24B7-421E-994D-213406928E3F}.Release|Any CPU.Build.0 = Release|Any CPU
		{E629AA29-7342-44F2-9D99-4E80B5A7430E}.Debug|Any CPU.ActiveCfg = Debug|Any CPU
		{E629AA29-7342-44F2-9D99-4E80B5A7430E}.Debug|Any CPU.Build.0 = Debug|Any CPU
		{E629AA29-7342-44F2-9D99-4E80B5A7430E}.Release|Any CPU.ActiveCfg = Release|Any CPU
		{E629AA29-7342-44F2-9D99-4E80B5A7430E}.Release|Any CPU.Build.0 = Release|Any CPU
		{39A30D39-F4A8-4FEA-AF61-D2EB36FF36C2}.Debug|Any CPU.ActiveCfg = Debug|Any CPU
		{39A30D39-F4A8-4FEA-AF61-D2EB36FF36C2}.Debug|Any CPU.Build.0 = Debug|Any CPU
		{39A30D39-F4A8-4FEA-AF61-D2EB36FF36C2}.Release|Any CPU.ActiveCfg = Release|Any CPU
		{39A30D39-F4A8-4FEA-AF61-D2EB36FF36C2}.Release|Any CPU.Build.0 = Release|Any CPU
		{E1CCFA2B-CD3F-459D-8EB4-568A0938C2A0}.Debug|Any CPU.ActiveCfg = Debug|Any CPU
		{E1CCFA2B-CD3F-459D-8EB4-568A0938C2A0}.Debug|Any CPU.Build.0 = Debug|Any CPU
		{E1CCFA2B-CD3F-459D-8EB4-568A0938C2A0}.Release|Any CPU.ActiveCfg = Release|Any CPU
		{E1CCFA2B-CD3F-459D-8EB4-568A0938C2A0}.Release|Any CPU.Build.0 = Release|Any CPU
	EndGlobalSection
	GlobalSection(SolutionProperties) = preSolution
		HideSolutionNode = FALSE
	EndGlobalSection
EndGlobal
